// !$*UTF8*$!
{
	archiveVersion = 1;
	classes = {
	};
	objectVersion = 46;
	objects = {

/* Begin PBXBuildFile section */
		C9F435A01A434F6400CFE740 /* AppDelegate.swift in Sources */ = {isa = PBXBuildFile; fileRef = C9F4359F1A434F6400CFE740 /* AppDelegate.swift */; };
		C9F435A21A434F6400CFE740 /* FirstViewController.swift in Sources */ = {isa = PBXBuildFile; fileRef = C9F435A11A434F6400CFE740 /* FirstViewController.swift */; };
		C9F435A41A434F6400CFE740 /* SecondViewController.swift in Sources */ = {isa = PBXBuildFile; fileRef = C9F435A31A434F6400CFE740 /* SecondViewController.swift */; };
		C9F435A71A434F6400CFE740 /* Main.storyboard in Resources */ = {isa = PBXBuildFile; fileRef = C9F435A51A434F6400CFE740 /* Main.storyboard */; };
		C9F435A91A434F6400CFE740 /* Images.xcassets in Resources */ = {isa = PBXBuildFile; fileRef = C9F435A81A434F6400CFE740 /* Images.xcassets */; };
		C9F435AC1A434F6400CFE740 /* LaunchScreen.xib in Resources */ = {isa = PBXBuildFile; fileRef = C9F435AA1A434F6400CFE740 /* LaunchScreen.xib */; };
		C9F435B81A434F6500CFE740 /* CalculoNotasTests.swift in Sources */ = {isa = PBXBuildFile; fileRef = C9F435B71A434F6500CFE740 /* CalculoNotasTests.swift */; };
/* End PBXBuildFile section */

/* Begin PBXContainerItemProxy section */
		C9F435B21A434F6500CFE740 /* PBXContainerItemProxy */ = {
			isa = PBXContainerItemProxy;
			containerPortal = C9F435921A434F6400CFE740 /* Project object */;
			proxyType = 1;
			remoteGlobalIDString = C9F435991A434F6400CFE740;
			remoteInfo = CalculoNotas;
		};
/* End PBXContainerItemProxy section */

/* Begin PBXFileReference section */
		C9F4359A1A434F6400CFE740 /* CalculoNotas.app */ = {isa = PBXFileReference; explicitFileType = wrapper.application; includeInIndex = 0; path = CalculoNotas.app; sourceTree = BUILT_PRODUCTS_DIR; };
		C9F4359E1A434F6400CFE740 /* Info.plist */ = {isa = PBXFileReference; lastKnownFileType = text.plist.xml; path = Info.plist; sourceTree = "<group>"; };
		C9F4359F1A434F6400CFE740 /* AppDelegate.swift */ = {isa = PBXFileReference; lastKnownFileType = sourcecode.swift; path = AppDelegate.swift; sourceTree = "<group>"; };
		C9F435A11A434F6400CFE740 /* FirstViewController.swift */ = {isa = PBXFileReference; lastKnownFileType = sourcecode.swift; path = FirstViewController.swift; sourceTree = "<group>"; };
		C9F435A31A434F6400CFE740 /* SecondViewController.swift */ = {isa = PBXFileReference; lastKnownFileType = sourcecode.swift; path = SecondViewController.swift; sourceTree = "<group>"; };
		C9F435A61A434F6400CFE740 /* Base */ = {isa = PBXFileReference; lastKnownFileType = file.storyboard; name = Base; path = Base.lproj/Main.storyboard; sourceTree = "<group>"; };
		C9F435A81A434F6400CFE740 /* Images.xcassets */ = {isa = PBXFileReference; lastKnownFileType = folder.assetcatalog; path = Images.xcassets; sourceTree = "<group>"; };
		C9F435AB1A434F6400CFE740 /* Base */ = {isa = PBXFileReference; lastKnownFileType = file.xib; name = Base; path = Base.lproj/LaunchScreen.xib; sourceTree = "<group>"; };
		C9F435B11A434F6500CFE740 /* CalculoNotasTests.xctest */ = {isa = PBXFileReference; explicitFileType = wrapper.cfbundle; includeInIndex = 0; path = CalculoNotasTests.xctest; sourceTree = BUILT_PRODUCTS_DIR; };
		C9F435B61A434F6500CFE740 /* Info.plist */ = {isa = PBXFileReference; lastKnownFileType = text.plist.xml; path = Info.plist; sourceTree = "<group>"; };
		C9F435B71A434F6500CFE740 /* CalculoNotasTests.swift */ = {isa = PBXFileReference; lastKnownFileType = sourcecode.swift; path = CalculoNotasTests.swift; sourceTree = "<group>"; };
/* End PBXFileReference section */

/* Begin PBXFrameworksBuildPhase section */
		C9F435971A434F6400CFE740 /* Frameworks */ = {
			isa = PBXFrameworksBuildPhase;
			buildActionMask = 2147483647;
			files = (
			);
			runOnlyForDeploymentPostprocessing = 0;
		};
		C9F435AE1A434F6500CFE740 /* Frameworks */ = {
			isa = PBXFrameworksBuildPhase;
			buildActionMask = 2147483647;
			files = (
			);
			runOnlyForDeploymentPostprocessing = 0;
		};
/* End PBXFrameworksBuildPhase section */

/* Begin PBXGroup section */
		C9F435911A434F6400CFE740 = {
			isa = PBXGroup;
			children = (
				C9F4359C1A434F6400CFE740 /* CalculoNotas */,
				C9F435B41A434F6500CFE740 /* CalculoNotasTests */,
				C9F4359B1A434F6400CFE740 /* Products */,
			);
			sourceTree = "<group>";
		};
		C9F4359B1A434F6400CFE740 /* Products */ = {
			isa = PBXGroup;
			children = (
				C9F4359A1A434F6400CFE740 /* CalculoNotas.app */,
				C9F435B11A434F6500CFE740 /* CalculoNotasTests.xctest */,
			);
			name = Products;
			sourceTree = "<group>";
		};
		C9F4359C1A434F6400CFE740 /* CalculoNotas */ = {
			isa = PBXGroup;
			children = (
				C9F4359F1A434F6400CFE740 /* AppDelegate.swift */,
				C9F435A11A434F6400CFE740 /* FirstViewController.swift */,
				C9F435A31A434F6400CFE740 /* SecondViewController.swift */,
				C9F435A51A434F6400CFE740 /* Main.storyboard */,
				C9F435A81A434F6400CFE740 /* Images.xcassets */,
				C9F435AA1A434F6400CFE740 /* LaunchScreen.xib */,
				C9F4359D1A434F6400CFE740 /* Supporting Files */,
			);
			path = CalculoNotas;
			sourceTree = "<group>";
		};
		C9F4359D1A434F6400CFE740 /* Supporting Files */ = {
			isa = PBXGroup;
			children = (
				C9F4359E1A434F6400CFE740 /* Info.plist */,
			);
			name = "Supporting Files";
			sourceTree = "<group>";
		};
		C9F435B41A434F6500CFE740 /* CalculoNotasTests */ = {
			isa = PBXGroup;
			children = (
				C9F435B71A434F6500CFE740 /* CalculoNotasTests.swift */,
				C9F435B51A434F6500CFE740 /* Supporting Files */,
			);
			path = CalculoNotasTests;
			sourceTree = "<group>";
		};
		C9F435B51A434F6500CFE740 /* Supporting Files */ = {
			isa = PBXGroup;
			children = (
				C9F435B61A434F6500CFE740 /* Info.plist */,
			);
			name = "Supporting Files";
			sourceTree = "<group>";
		};
/* End PBXGroup section */

/* Begin PBXNativeTarget section */
		C9F435991A434F6400CFE740 /* CalculoNotas */ = {
			isa = PBXNativeTarget;
			buildConfigurationList = C9F435BB1A434F6500CFE740 /* Build configuration list for PBXNativeTarget "CalculoNotas" */;
			buildPhases = (
				C9F435961A434F6400CFE740 /* Sources */,
				C9F435971A434F6400CFE740 /* Frameworks */,
				C9F435981A434F6400CFE740 /* Resources */,
			);
			buildRules = (
			);
			dependencies = (
			);
			name = CalculoNotas;
			productName = CalculoNotas;
			productReference = C9F4359A1A434F6400CFE740 /* CalculoNotas.app */;
			productType = "com.apple.product-type.application";
		};
		C9F435B01A434F6500CFE740 /* CalculoNotasTests */ = {
			isa = PBXNativeTarget;
			buildConfigurationList = C9F435BE1A434F6500CFE740 /* Build configuration list for PBXNativeTarget "CalculoNotasTests" */;
			buildPhases = (
				C9F435AD1A434F6500CFE740 /* Sources */,
				C9F435AE1A434F6500CFE740 /* Frameworks */,
				C9F435AF1A434F6500CFE740 /* Resources */,
			);
			buildRules = (
			);
			dependencies = (
				C9F435B31A434F6500CFE740 /* PBXTargetDependency */,
			);
			name = CalculoNotasTests;
			productName = CalculoNotasTests;
			productReference = C9F435B11A434F6500CFE740 /* CalculoNotasTests.xctest */;
			productType = "com.apple.product-type.bundle.unit-test";
		};
/* End PBXNativeTarget section */

/* Begin PBXProject section */
		C9F435921A434F6400CFE740 /* Project object */ = {
			isa = PBXProject;
			attributes = {
				LastUpgradeCheck = 0610;
				ORGANIZATIONNAME = GusCanales;
				TargetAttributes = {
					C9F435991A434F6400CFE740 = {
						CreatedOnToolsVersion = 6.1.1;
					};
					C9F435B01A434F6500CFE740 = {
						CreatedOnToolsVersion = 6.1.1;
						TestTargetID = C9F435991A434F6400CFE740;
					};
				};
			};
			buildConfigurationList = C9F435951A434F6400CFE740 /* Build configuration list for PBXProject "CalculoNotas" */;
			compatibilityVersion = "Xcode 3.2";
			developmentRegion = English;
			hasScannedForEncodings = 0;
			knownRegions = (
				en,
				Base,
			);
			mainGroup = C9F435911A434F6400CFE740;
			productRefGroup = C9F4359B1A434F6400CFE740 /* Products */;
			projectDirPath = "";
			projectRoot = "";
			targets = (
				C9F435991A434F6400CFE740 /* CalculoNotas */,
				C9F435B01A434F6500CFE740 /* CalculoNotasTests */,
			);
		};
/* End PBXProject section */

/* Begin PBXResourcesBuildPhase section */
		C9F435981A434F6400CFE740 /* Resources */ = {
			isa = PBXResourcesBuildPhase;
			buildActionMask = 2147483647;
			files = (
				C9F435A71A434F6400CFE740 /* Main.storyboard in Resources */,
				C9F435AC1A434F6400CFE740 /* LaunchScreen.xib in Resources */,
				C9F435A91A434F6400CFE740 /* Images.xcassets in Resources */,
			);
			runOnlyForDeploymentPostprocessing = 0;
		};
		C9F435AF1A434F6500CFE740 /* Resources */ = {
			isa = PBXResourcesBuildPhase;
			buildActionMask = 2147483647;
			files = (
			);
			runOnlyForDeploymentPostprocessing = 0;
		};
/* End PBXResourcesBuildPhase section */

/* Begin PBXSourcesBuildPhase section */
		C9F435961A434F6400CFE740 /* Sources */ = {
			isa = PBXSourcesBuildPhase;
			buildActionMask = 2147483647;
			files = (
				C9F435A41A434F6400CFE740 /* SecondViewController.swift in Sources */,
				C9F435A01A434F6400CFE740 /* AppDelegate.swift in Sources */,
				C9F435A21A434F6400CFE740 /* FirstViewController.swift in Sources */,
			);
			runOnlyForDeploymentPostprocessing = 0;
		};
		C9F435AD1A434F6500CFE740 /* Sources */ = {
			isa = PBXSourcesBuildPhase;
			buildActionMask = 2147483647;
			files = (
				C9F435B81A434F6500CFE740 /* CalculoNotasTests.swift in Sources */,
			);
			runOnlyForDeploymentPostprocessing = 0;
		};
/* End PBXSourcesBuildPhase section */

/* Begin PBXTargetDependency section */
		C9F435B31A434F6500CFE740 /* PBXTargetDependency */ = {
			isa = PBXTargetDependency;
			target = C9F435991A434F6400CFE740 /* CalculoNotas */;
			targetProxy = C9F435B21A434F6500CFE740 /* PBXContainerItemProxy */;
		};
/* End PBXTargetDependency section */

/* Begin PBXVariantGroup section */
		C9F435A51A434F6400CFE740 /* Main.storyboard */ = {
			isa = PBXVariantGroup;
			children = (
				C9F435A61A434F6400CFE740 /* Base */,
			);
			name = Main.storyboard;
			sourceTree = "<group>";
		};
		C9F435AA1A434F6400CFE740 /* LaunchScreen.xib */ = {
			isa = PBXVariantGroup;
			children = (
				C9F435AB1A434F6400CFE740 /* Base */,
			);
			name = LaunchScreen.xib;
			sourceTree = "<group>";
		};
/* End PBXVariantGroup section */

/* Begin XCBuildConfiguration section */
		C9F435B91A434F6500CFE740 /* Debug */ = {
			isa = XCBuildConfiguration;
			buildSettings = {
				ALWAYS_SEARCH_USER_PATHS = NO;
				CLANG_CXX_LANGUAGE_STANDARD = "gnu++0x";
				CLANG_CXX_LIBRARY = "libc++";
				CLANG_ENABLE_MODULES = YES;
				CLANG_ENABLE_OBJC_ARC = YES;
				CLANG_WARN_BOOL_CONVERSION = YES;
				CLANG_WARN_CONSTANT_CONVERSION = YES;
				CLANG_WARN_DIRECT_OBJC_ISA_USAGE = YES_ERROR;
				CLANG_WARN_EMPTY_BODY = YES;
				CLANG_WARN_ENUM_CONVERSION = YES;
				CLANG_WARN_INT_CONVERSION = YES;
				CLANG_WARN_OBJC_ROOT_CLASS = YES_ERROR;
				CLANG_WARN_UNREACHABLE_CODE = YES;
				CLANG_WARN__DUPLICATE_METHOD_MATCH = YES;
				"CODE_SIGN_IDENTITY[sdk=iphoneos*]" = "iPhone Developer";
				COPY_PHASE_STRIP = NO;
				ENABLE_STRICT_OBJC_MSGSEND = YES;
				GCC_C_LANGUAGE_STANDARD = gnu99;
				GCC_DYNAMIC_NO_PIC = NO;
				GCC_OPTIMIZATION_LEVEL = 0;
				GCC_PREPROCESSOR_DEFINITIONS = (
					"DEBUG=1",
					"$(inherited)",
				);
				GCC_SYMBOLS_PRIVATE_EXTERN = NO;
				GCC_WARN_64_TO_32_BIT_CONVERSION = YES;
				GCC_WARN_ABOUT_RETURN_TYPE = YES_ERROR;
				GCC_WARN_UNDECLARED_SELECTOR = YES;
				GCC_WARN_UNINITIALIZED_AUTOS = YES_AGGRESSIVE;
				GCC_WARN_UNUSED_FUNCTION = YES;
				GCC_WARN_UNUSED_VARIABLE = YES;
				IPHONEOS_DEPLOYMENT_TARGET = 8.1;
				MTL_ENABLE_DEBUG_INFO = YES;
				ONLY_ACTIVE_ARCH = YES;
				SDKROOT = iphoneos;
				SWIFT_OPTIMIZATION_LEVEL = "-Onone";
			};
			name = Debug;
		};
		C9F435BA1A434F6500CFE740 /* Release */ = {
			isa = XCBuildConfiguration;
			buildSettings = {
				ALWAYS_SEARCH_USER_PATHS = NO;
				CLANG_CXX_LANGUAGE_STANDARD = "gnu++0x";
				CLANG_CXX_LIBRARY = "libc++";
				CLANG_ENABLE_MODULES = YES;
				CLANG_ENABLE_OBJC_ARC = YES;
				CLANG_WARN_BOOL_CONVERSION = YES;
				CLANG_WARN_CONSTANT_CONVERSION = YES;
				CLANG_WARN_DIRECT_OBJC_ISA_USAGE = YES_ERROR;
				CLANG_WARN_EMPTY_BODY = YES;
				CLANG_WARN_ENUM_CONVERSION = YES;
				CLANG_WARN_INT_CONVERSION = YES;
				CLANG_WARN_OBJC_ROOT_CLASS = YES_ERROR;
				CLANG_WARN_UNREACHABLE_CODE = YES;
				CLANG_WARN__DUPLICATE_METHOD_MATCH = YES;
				"CODE_SIGN_IDENTITY[sdk=iphoneos*]" = "iPhone Developer";
				COPY_PHASE_STRIP = YES;
				ENABLE_NS_ASSERTIONS = NO;
				ENABLE_STRICT_OBJC_MSGSEND = YES;
				GCC_C_LANGUAGE_STANDARD = gnu99;
				GCC_WARN_64_TO_32_BIT_CONVERSION = YES;
				GCC_WARN_ABOUT_RETURN_TYPE = YES_ERROR;
				GCC_WARN_UNDECLARED_SELECTOR = YES;
				GCC_WARN_UNINITIALIZED_AUTOS = YES_AGGRESSIVE;
				GCC_WARN_UNUSED_FUNCTION = YES;
				GCC_WARN_UNUSED_VARIABLE = YES;
				IPHONEOS_DEPLOYMENT_TARGET = 8.1;
				MTL_ENABLE_DEBUG_INFO = NO;
				SDKROOT = iphoneos;
				VALIDATE_PRODUCT = YES;
			};
			name = Release;
		};
		C9F435BC1A434F6500CFE740 /* Debug */ = {
			isa = XCBuildConfiguration;
			buildSettings = {
				ASSETCATALOG_COMPILER_APPICON_NAME = AppIcon;
				INFOPLIST_FILE = CalculoNotas/Info.plist;
				LD_RUNPATH_SEARCH_PATHS = "$(inherited) @executable_path/Frameworks";
				PRODUCT_NAME = "$(TARGET_NAME)";
			};
			name = Debug;
		};
		C9F435BD1A434F6500CFE740 /* Release */ = {
			isa = XCBuildConfiguration;
			buildSettings = {
				ASSETCATALOG_COMPILER_APPICON_NAME = AppIcon;
				INFOPLIST_FILE = CalculoNotas/Info.plist;
				LD_RUNPATH_SEARCH_PATHS = "$(inherited) @executable_path/Frameworks";
				PRODUCT_NAME = "$(TARGET_NAME)";
			};
			name = Release;
		};
		C9F435BF1A434F6500CFE740 /* Debug */ = {
			isa = XCBuildConfiguration;
			buildSettings = {
				BUNDLE_LOADER = "$(TEST_HOST)";
				FRAMEWORK_SEARCH_PATHS = (
					"$(SDKROOT)/Developer/Library/Frameworks",
					"$(inherited)",
				);
				GCC_PREPROCESSOR_DEFINITIONS = (
					"DEBUG=1",
					"$(inherited)",
				);
				INFOPLIST_FILE = CalculoNotasTests/Info.plist;
				LD_RUNPATH_SEARCH_PATHS = "$(inherited) @executable_path/Frameworks @loader_path/Frameworks";
				PRODUCT_NAME = "$(TARGET_NAME)";
				TEST_HOST = "$(BUILT_PRODUCTS_DIR)/CalculoNotas.app/CalculoNotas";
			};
			name = Debug;
		};
		C9F435C01A434F6500CFE740 /* Release */ = {
			isa = XCBuildConfiguration;
			buildSettings = {
				BUNDLE_LOADER = "$(TEST_HOST)";
				FRAMEWORK_SEARCH_PATHS = (
					"$(SDKROOT)/Developer/Library/Frameworks",
					"$(inherited)",
				);
				INFOPLIST_FILE = CalculoNotasTests/Info.plist;
				LD_RUNPATH_SEARCH_PATHS = "$(inherited) @executable_path/Frameworks @loader_path/Frameworks";
				PRODUCT_NAME = "$(TARGET_NAME)";
				TEST_HOST = "$(BUILT_PRODUCTS_DIR)/CalculoNotas.app/CalculoNotas";
			};
			name = Release;
		};
/* End XCBuildConfiguration section */

/* Begin XCConfigurationList section */
		C9F435951A434F6400CFE740 /* Build configuration list for PBXProject "CalculoNotas" */ = {
			isa = XCConfigurationList;
			buildConfigurations = (
				C9F435B91A434F6500CFE740 /* Debug */,
				C9F435BA1A434F6500CFE740 /* Release */,
			);
			defaultConfigurationIsVisible = 0;
			defaultConfigurationName = Release;
		};
		C9F435BB1A434F6500CFE740 /* Build configuration list for PBXNativeTarget "CalculoNotas" */ = {
			isa = XCConfigurationList;
			buildConfigurations = (
				C9F435BC1A434F6500CFE740 /* Debug */,
				C9F435BD1A434F6500CFE740 /* Release */,
			);
			defaultConfigurationIsVisible = 0;
		};
		C9F435BE1A434F6500CFE740 /* Build configuration list for PBXNativeTarget "CalculoNotasTests" */ = {
			isa = XCConfigurationList;
			buildConfigurations = (
				C9F435BF1A434F6500CFE740 /* Debug */,
				C9F435C01A434F6500CFE740 /* Release */,
			);
			defaultConfigurationIsVisible = 0;
		};
/* End XCConfigurationList section */
	};
	rootObject = C9F435921A434F6400CFE740 /* Project object */;
}
